// !$*UTF8*$!
{
	archiveVersion = 1;
	classes = {
	};
	objectVersion = 50;
	objects = {

/* Begin PBXBuildFile section */
		0C8C7D6520ECB948006C0007 /* ZJLogBridgeC.m in Sources */ = {isa = PBXBuildFile; fileRef = 0C8C7D6120ECB948006C0007 /* ZJLogBridgeC.m */; };
		0C8C7D6620ECB948006C0007 /* ZJLogSDK.mm in Sources */ = {isa = PBXBuildFile; fileRef = 0C8C7D6320ECB948006C0007 /* ZJLogSDK.mm */; };
		0C8C7D6D20ECBB6E006C0007 /* ZJLogSDK.h in CopyFiles */ = {isa = PBXBuildFile; fileRef = 0C8C7D5E20ECB948006C0007 /* ZJLogSDK.h */; };
		0C8C7D7F20ECBEC7006C0007 /* ZJLogTest.mm in Sources */ = {isa = PBXBuildFile; fileRef = 0C8C7D7E20ECBEC7006C0007 /* ZJLogTest.mm */; };
		0C8C7D8020ECBEE8006C0007 /* ZJLogTest.h in CopyFiles */ = {isa = PBXBuildFile; fileRef = 0C8C7D7D20ECBEC7006C0007 /* ZJLogTest.h */; };
/* End PBXBuildFile section */

/* Begin PBXCopyFilesBuildPhase section */
		0C8C7D5020ECB932006C0007 /* CopyFiles */ = {
			isa = PBXCopyFilesBuildPhase;
			buildActionMask = 2147483647;
			dstPath = "include/$(PRODUCT_NAME)";
			dstSubfolderSpec = 16;
			files = (
				0C8C7D8020ECBEE8006C0007 /* ZJLogTest.h in CopyFiles */,
				0C8C7D6D20ECBB6E006C0007 /* ZJLogSDK.h in CopyFiles */,
			);
			runOnlyForDeploymentPostprocessing = 0;
		};
/* End PBXCopyFilesBuildPhase section */

/* Begin PBXFileReference section */
		0C8C7D5220ECB932006C0007 /* libZJLogSDK.a */ = {isa = PBXFileReference; explicitFileType = archive.ar; includeInIndex = 0; path = libZJLogSDK.a; sourceTree = BUILT_PRODUCTS_DIR; };
		0C8C7D5E20ECB948006C0007 /* ZJLogSDK.h */ = {isa = PBXFileReference; fileEncoding = 4; lastKnownFileType = sourcecode.c.h; path = ZJLogSDK.h; sourceTree = "<group>"; };
		0C8C7D5F20ECB948006C0007 /* Singleton.h */ = {isa = PBXFileReference; fileEncoding = 4; lastKnownFileType = sourcecode.c.h; path = Singleton.h; sourceTree = "<group>"; };
		0C8C7D6020ECB948006C0007 /* ZJLogPrintf.h */ = {isa = PBXFileReference; fileEncoding = 4; lastKnownFileType = sourcecode.c.h; path = ZJLogPrintf.h; sourceTree = "<group>"; };
		0C8C7D6120ECB948006C0007 /* ZJLogBridgeC.m */ = {isa = PBXFileReference; fileEncoding = 4; lastKnownFileType = sourcecode.c.objc; path = ZJLogBridgeC.m; sourceTree = "<group>"; };
		0C8C7D6220ECB948006C0007 /* ZJLogSDKExt.h */ = {isa = PBXFileReference; fileEncoding = 4; lastKnownFileType = sourcecode.c.h; path = ZJLogSDKExt.h; sourceTree = "<group>"; };
		0C8C7D6320ECB948006C0007 /* ZJLogSDK.mm */ = {isa = PBXFileReference; fileEncoding = 4; lastKnownFileType = sourcecode.cpp.objcpp; path = ZJLogSDK.mm; sourceTree = "<group>"; };
		0C8C7D6420ECB948006C0007 /* ZJLogBridgeC.h */ = {isa = PBXFileReference; fileEncoding = 4; lastKnownFileType = sourcecode.c.h; path = ZJLogBridgeC.h; sourceTree = "<group>"; };
		0C8C7D7D20ECBEC7006C0007 /* ZJLogTest.h */ = {isa = PBXFileReference; lastKnownFileType = sourcecode.c.h; path = ZJLogTest.h; sourceTree = "<group>"; };
		0C8C7D7E20ECBEC7006C0007 /* ZJLogTest.mm */ = {isa = PBXFileReference; lastKnownFileType = sourcecode.cpp.objcpp; path = ZJLogTest.mm; sourceTree = "<group>"; };
/* End PBXFileReference section */

/* Begin PBXFrameworksBuildPhase section */
		0C8C7D4F20ECB932006C0007 /* Frameworks */ = {
			isa = PBXFrameworksBuildPhase;
			buildActionMask = 2147483647;
			files = (
			);
			runOnlyForDeploymentPostprocessing = 0;
		};
/* End PBXFrameworksBuildPhase section */

/* Begin PBXGroup section */
		0C8C7D4920ECB932006C0007 = {
			isa = PBXGroup;
			children = (
				0C8C7D5420ECB932006C0007 /* ZJLogSDK */,
				0C8C7D5320ECB932006C0007 /* Products */,
			);
			sourceTree = "<group>";
		};
		0C8C7D5320ECB932006C0007 /* Products */ = {
			isa = PBXGroup;
			children = (
				0C8C7D5220ECB932006C0007 /* libZJLogSDK.a */,
			);
			name = Products;
			sourceTree = "<group>";
		};
		0C8C7D5420ECB932006C0007 /* ZJLogSDK */ = {
			isa = PBXGroup;
			children = (
				0C8C7D5F20ECB948006C0007 /* Singleton.h */,
				0C8C7D6420ECB948006C0007 /* ZJLogBridgeC.h */,
				0C8C7D6120ECB948006C0007 /* ZJLogBridgeC.m */,
				0C8C7D6020ECB948006C0007 /* ZJLogPrintf.h */,
				0C8C7D6220ECB948006C0007 /* ZJLogSDKExt.h */,
				0C8C7D5E20ECB948006C0007 /* ZJLogSDK.h */,
				0C8C7D6320ECB948006C0007 /* ZJLogSDK.mm */,
				0C8C7D7D20ECBEC7006C0007 /* ZJLogTest.h */,
				0C8C7D7E20ECBEC7006C0007 /* ZJLogTest.mm */,
			);
			path = ZJLogSDK;
			sourceTree = "<group>";
		};
/* End PBXGroup section */

/* Begin PBXNativeTarget section */
		0C8C7D5120ECB932006C0007 /* ZJLogSDK */ = {
			isa = PBXNativeTarget;
			buildConfigurationList = 0C8C7D5B20ECB932006C0007 /* Build configuration list for PBXNativeTarget "ZJLogSDK" */;
			buildPhases = (
				0C8C7D4E20ECB932006C0007 /* Sources */,
				0C8C7D4F20ECB932006C0007 /* Frameworks */,
				0C8C7D5020ECB932006C0007 /* CopyFiles */,
			);
			buildRules = (
			);
			dependencies = (
			);
			name = ZJLogSDK;
			productName = ZJLogSDK;
			productReference = 0C8C7D5220ECB932006C0007 /* libZJLogSDK.a */;
			productType = "com.apple.product-type.library.static";
		};
/* End PBXNativeTarget section */

/* Begin PBXProject section */
		0C8C7D4A20ECB932006C0007 /* Project object */ = {
			isa = PBXProject;
			attributes = {
				LastUpgradeCheck = 0940;
				ORGANIZATIONNAME = "lzj<lizhijian_21@163.com>";
				TargetAttributes = {
					0C8C7D5120ECB932006C0007 = {
						CreatedOnToolsVersion = 9.4.1;
					};
				};
			};
			buildConfigurationList = 0C8C7D4D20ECB932006C0007 /* Build configuration list for PBXProject "ZJLogSDK" */;
			compatibilityVersion = "Xcode 9.3";
			developmentRegion = en;
			hasScannedForEncodings = 0;
			knownRegions = (
				en,
			);
			mainGroup = 0C8C7D4920ECB932006C0007;
			productRefGroup = 0C8C7D5320ECB932006C0007 /* Products */;
			projectDirPath = "";
			projectRoot = "";
			targets = (
				0C8C7D5120ECB932006C0007 /* ZJLogSDK */,
			);
		};
/* End PBXProject section */

/* Begin PBXSourcesBuildPhase section */
		0C8C7D4E20ECB932006C0007 /* Sources */ = {
			isa = PBXSourcesBuildPhase;
			buildActionMask = 2147483647;
			files = (
				0C8C7D6620ECB948006C0007 /* ZJLogSDK.mm in Sources */,
				0C8C7D6520ECB948006C0007 /* ZJLogBridgeC.m in Sources */,
				0C8C7D7F20ECBEC7006C0007 /* ZJLogTest.mm in Sources */,
			);
			runOnlyForDeploymentPostprocessing = 0;
		};
/* End PBXSourcesBuildPhase section */

/* Begin XCBuildConfiguration section */
		0C8C7D5920ECB932006C0007 /* Debug */ = {
			isa = XCBuildConfiguration;
			buildSettings = {
				ALWAYS_SEARCH_USER_PATHS = NO;
				CLANG_ANALYZER_NONNULL = YES;
				CLANG_ANALYZER_NUMBER_OBJECT_CONVERSION = YES_AGGRESSIVE;
				CLANG_CXX_LANGUAGE_STANDARD = "gnu++14";
				CLANG_CXX_LIBRARY = "libc++";
				CLANG_ENABLE_MODULES = YES;
				CLANG_ENABLE_OBJC_ARC = YES;
				CLANG_ENABLE_OBJC_WEAK = YES;
				CLANG_WARN_BLOCK_CAPTURE_AUTORELEASING = YES;
				CLANG_WARN_BOOL_CONVERSION = YES;
				CLANG_WARN_COMMA = YES;
				CLANG_WARN_CONSTANT_CONVERSION = YES;
				CLANG_WARN_DEPRECATED_OBJC_IMPLEMENTATIONS = YES;
				CLANG_WARN_DIRECT_OBJC_ISA_USAGE = YES_ERROR;
				CLANG_WARN_DOCUMENTATION_COMMENTS = YES;
				CLANG_WARN_EMPTY_BODY = YES;
				CLANG_WARN_ENUM_CONVERSION = YES;
				CLANG_WARN_INFINITE_RECURSION = YES;
				CLANG_WARN_INT_CONVERSION = YES;
				CLANG_WARN_NON_LITERAL_NULL_CONVERSION = YES;
				CLANG_WARN_OBJC_IMPLICIT_RETAIN_SELF = YES;
				CLANG_WARN_OBJC_LITERAL_CONVERSION = YES;
				CLANG_WARN_OBJC_ROOT_CLASS = YES_ERROR;
				CLANG_WARN_RANGE_LOOP_ANALYSIS = YES;
				CLANG_WARN_STRICT_PROTOTYPES = YES;
				CLANG_WARN_SUSPICIOUS_MOVE = YES;
				CLANG_WARN_UNGUARDED_AVAILABILITY = YES_AGGRESSIVE;
				CLANG_WARN_UNREACHABLE_CODE = YES;
				CLANG_WARN__DUPLICATE_METHOD_MATCH = YES;
				CODE_SIGN_IDENTITY = "iPhone Developer";
				COPY_PHASE_STRIP = NO;
				DEBUG_INFORMATION_FORMAT = dwarf;
				ENABLE_STRICT_OBJC_MSGSEND = YES;
				ENABLE_TESTABILITY = YES;
				GCC_C_LANGUAGE_STANDARD = gnu11;
				GCC_DYNAMIC_NO_PIC = NO;
				GCC_NO_COMMON_BLOCKS = YES;
				GCC_OPTIMIZATION_LEVEL = 0;
				GCC_PREPROCESSOR_DEFINITIONS = (
					"DEBUG=1",
					"$(inherited)",
				);
				GCC_WARN_64_TO_32_BIT_CONVERSION = YES;
				GCC_WARN_ABOUT_RETURN_TYPE = YES_ERROR;
				GCC_WARN_UNDECLARED_SELECTOR = YES;
				GCC_WARN_UNINITIALIZED_AUTOS = YES_AGGRESSIVE;
				GCC_WARN_UNUSED_FUNCTION = YES;
				GCC_WARN_UNUSED_VARIABLE = YES;
				IPHONEOS_DEPLOYMENT_TARGET = 8.0;
				MTL_ENABLE_DEBUG_INFO = YES;
				ONLY_ACTIVE_ARCH = YES;
				SDKROOT = iphoneos;
			};
			name = Debug;
		};
		0C8C7D5A20ECB932006C0007 /* Release */ = {
			isa = XCBuildConfiguration;
			buildSettings = {
				ALWAYS_SEARCH_USER_PATHS = NO;
				CLANG_ANALYZER_NONNULL = YES;
				CLANG_ANALYZER_NUMBER_OBJECT_CONVERSION = YES_AGGRESSIVE;
				CLANG_CXX_LANGUAGE_STANDARD = "gnu++14";
				CLANG_CXX_LIBRARY = "libc++";
				CLANG_ENABLE_MODULES = YES;
				CLANG_ENABLE_OBJC_ARC = YES;
				CLANG_ENABLE_OBJC_WEAK = YES;
				CLANG_WARN_BLOCK_CAPTURE_AUTORELEASING = YES;
				CLANG_WARN_BOOL_CONVERSION = YES;
				CLANG_WARN_COMMA = YES;
				CLANG_WARN_CONSTANT_CONVERSION = YES;
				CLANG_WARN_DEPRECATED_OBJC_IMPLEMENTATIONS = YES;
				CLANG_WARN_DIRECT_OBJC_ISA_USAGE = YES_ERROR;
				CLANG_WARN_DOCUMENTATION_COMMENTS = YES;
				CLANG_WARN_EMPTY_BODY = YES;
				CLANG_WARN_ENUM_CONVERSION = YES;
				CLANG_WARN_INFINITE_RECURSION = YES;
				CLANG_WARN_INT_CONVERSION = YES;
				CLANG_WARN_NON_LITERAL_NULL_CONVERSION = YES;
				CLANG_WARN_OBJC_IMPLICIT_RETAIN_SELF = YES;
				CLANG_WARN_OBJC_LITERAL_CONVERSION = YES;
				CLANG_WARN_OBJC_ROOT_CLASS = YES_ERROR;
				CLANG_WARN_RANGE_LOOP_ANALYSIS = YES;
				CLANG_WARN_STRICT_PROTOTYPES = YES;
				CLANG_WARN_SUSPICIOUS_MOVE = YES;
				CLANG_WARN_UNGUARDED_AVAILABILITY = YES_AGGRESSIVE;
				CLANG_WARN_UNREACHABLE_CODE = YES;
				CLANG_WARN__DUPLICATE_METHOD_MATCH = YES;
				CODE_SIGN_IDENTITY = "iPhone Developer";
				COPY_PHASE_STRIP = NO;
				DEBUG_INFORMATION_FORMAT = "dwarf-with-dsym";
				ENABLE_NS_ASSERTIONS = NO;
				ENABLE_STRICT_OBJC_MSGSEND = YES;
				GCC_C_LANGUAGE_STANDARD = gnu11;
				GCC_NO_COMMON_BLOCKS = YES;
				GCC_WARN_64_TO_32_BIT_CONVERSION = YES;
				GCC_WARN_ABOUT_RETURN_TYPE = YES_ERROR;
				GCC_WARN_UNDECLARED_SELECTOR = YES;
				GCC_WARN_UNINITIALIZED_AUTOS = YES_AGGRESSIVE;
				GCC_WARN_UNUSED_FUNCTION = YES;
				GCC_WARN_UNUSED_VARIABLE = YES;
				IPHONEOS_DEPLOYMENT_TARGET = 8.0;
				MTL_ENABLE_DEBUG_INFO = NO;
				SDKROOT = iphoneos;
				VALIDATE_PRODUCT = YES;
			};
			name = Release;
		};
		0C8C7D5C20ECB932006C0007 /* Debug */ = {
			isa = XCBuildConfiguration;
			buildSettings = {
				CODE_SIGN_STYLE = Automatic;
				DEVELOPMENT_TEAM = EB9K2L27BQ;
				OTHER_LDFLAGS = "-ObjC";
				PRODUCT_NAME = "$(TARGET_NAME)";
				SKIP_INSTALL = YES;
				TARGETED_DEVICE_FAMILY = "1,2";
			};
			name = Debug;
		};
		0C8C7D5D20ECB932006C0007 /* Release */ = {
			isa = XCBuildConfiguration;
			buildSettings = {
				CODE_SIGN_STYLE = Automatic;
				DEVELOPMENT_TEAM = EB9K2L27BQ;
				OTHER_LDFLAGS = "-ObjC";
				PRODUCT_NAME = "$(TARGET_NAME)";
				SKIP_INSTALL = YES;
				TARGETED_DEVICE_FAMILY = "1,2";
			};
			name = Release;
		};
/* End XCBuildConfiguration section */

/* Begin XCConfigurationList section */
		0C8C7D4D20ECB932006C0007 /* Build configuration list for PBXProject "ZJLogSDK" */ = {
			isa = XCConfigurationList;
			buildConfigurations = (
				0C8C7D5920ECB932006C0007 /* Debug */,
				0C8C7D5A20ECB932006C0007 /* Release */,
			);
			defaultConfigurationIsVisible = 0;
			defaultConfigurationName = Release;
		};
		0C8C7D5B20ECB932006C0007 /* Build configuration list for PBXNativeTarget "ZJLogSDK" */ = {
			isa = XCConfigurationList;
			buildConfigurations = (
				0C8C7D5C20ECB932006C0007 /* Debug */,
				0C8C7D5D20ECB932006C0007 /* Release */,
			);
			defaultConfigurationIsVisible = 0;
			defaultConfigurationName = Release;
		};
/* End XCConfigurationList section */
	};
	rootObject = 0C8C7D4A20ECB932006C0007 /* Project object */;
}
